{
  "name": "excel-tools",
  "version": "1.0.0",
  "lockfileVersion": 1,
  "requires": true,
  "dependencies": {
    "adler-32": {
      "version": "1.2.0",
      "resolved": "https://registry.npmjs.org/adler-32/-/adler-32-1.2.0.tgz",
      "integrity": "sha1-aj5r8KY5ALoVZSgIyxXGgT0aXyU=",
      "requires": {
        "exit-on-epipe": "~1.0.1",
        "printj": "~1.1.0"
      }
    },
    "buffer-from": {
      "version": "1.1.1",
      "resolved": "https://registry.npmjs.org/buffer-from/-/buffer-from-1.1.1.tgz",
      "integrity": "sha512-MQcXEUbCKtEo7bhqEs6560Hyd4XaovZlO/k9V3hjVUF/zwW7KBVdSK4gIt/bzwS9MbR5qob+F5jusZsb0YQK2A=="
    },
    "cfb": {
      "version": "1.0.8",
      "resolved": "https://registry.npmjs.org/cfb/-/cfb-1.0.8.tgz",
      "integrity": "sha1-d/ITST1pfXVP2cD1UR6rWtctAs8=",
      "requires": {
        "commander": "^2.14.1",
        "printj": "~1.1.2"
      }
    },
    "codepage": {
      "version": "1.13.1",
      "resolved": "https://registry.npmjs.org/codepage/-/codepage-1.13.1.tgz",
      "integrity": "sha512-KnY6cQlgkfBjplnQkLk3M5KEfAKa7i9SMqXp+bMuy2/bgYovvU4LDAQvkMaoScwhvozA9VUtgnbS4Z8f7zVA8w==",
      "requires": {
        "commander": "~2.14.1",
        "exit-on-epipe": "~1.0.1"
      },
      "dependencies": {
        "commander": {
          "version": "2.14.1",
          "resolved": "http://registry.npmjs.org/commander/-/commander-2.14.1.tgz",
          "integrity": "sha512-+YR16o3rK53SmWHU3rEM3tPAh2rwb1yPcQX5irVn7mb0gXbwuCCrnkbV5+PBfETdfg1vui07nM6PCG1zndcjQw=="
        }
      }
    },
    "commander": {
      "version": "2.15.1",
      "resolved": "http://registry.npmjs.org/commander/-/commander-2.15.1.tgz",
      "integrity": "sha512-VlfT9F3V0v+jr4yxPc5gg9s62/fIVWsd2Bk2iD435um1NlGMYdVCq+MjcXnhYq2icNOizHr1kK+5TI6H0Hy0ag=="
    },
    "crc-32": {
      "version": "1.2.0",
      "resolved": "https://registry.npmjs.org/crc-32/-/crc-32-1.2.0.tgz",
      "integrity": "sha512-1uBwHxF+Y/4yF5G48fwnKq6QsIXheor3ZLPT80yGBV1oEUwpPojlEhQbWKVw1VwcTQyMGHK1/XMmTjmlsmTTGA==",
      "requires": {
        "exit-on-epipe": "~1.0.1",
        "printj": "~1.1.0"
      }
    },
    "exceljs": {
      "version": "1.6.3",
      "resolved": "http://registry.npm.taobao.org/exceljs/download/exceljs-1.6.3.tgz",
      "dependencies": {
        "@types/node": {
          "version": "http://registry.npm.taobao.org/@types/node/download/@types/node-10.12.18.tgz"
        },
        "archiver": {
          "version": "http://registry.npm.taobao.org/archiver/download/archiver-1.3.0.tgz",
          "dependencies": {
            "archiver-utils": {
              "version": "http://registry.npm.taobao.org/archiver-utils/download/archiver-utils-1.3.0.tgz"
            },
            "async": {
              "version": "http://registry.npm.taobao.org/async/download/async-2.6.1.tgz"
            },
            "buffer-crc32": {
              "version": "http://registry.npm.taobao.org/buffer-crc32/download/buffer-crc32-0.2.13.tgz"
            },
            "glob": {
              "version": "http://registry.npm.taobao.org/glob/download/glob-7.1.3.tgz",
              "dependencies": {
                "fs.realpath": {
                  "version": "http://registry.npm.taobao.org/fs.realpath/download/fs.realpath-1.0.0.tgz"
                },
                "inflight": {
                  "version": "http://registry.npm.taobao.org/inflight/download/inflight-1.0.6.tgz"
                },
                "inherits": {
                  "version": "http://registry.npm.taobao.org/inherits/download/inherits-2.0.3.tgz"
                },
                "minimatch": {
                  "version": "http://registry.npm.taobao.org/minimatch/download/minimatch-3.0.4.tgz"
                },
                "once": {
                  "version": "http://registry.npm.taobao.org/once/download/once-1.4.0.tgz",
                  "dependencies": {
                    "wrappy": {
                      "version": "http://registry.npm.taobao.org/wrappy/download/wrappy-1.0.2.tgz"
                    }
                  }
                },
                "path-is-absolute": {
                  "version": "http://registry.npm.taobao.org/path-is-absolute/download/path-is-absolute-1.0.1.tgz"
                }
              }
            },
            "lodash": {
              "version": "http://registry.npm.taobao.org/lodash/download/lodash-4.17.11.tgz"
            },
            "readable-stream": {
              "version": "http://registry.npm.taobao.org/readable-stream/download/readable-stream-2.3.6.tgz"
            },
            "tar-stream": {
              "version": "http://registry.npm.taobao.org/tar-stream/download/tar-stream-1.6.2.tgz"
            },
            "walkdir": {
              "version": "http://registry.npm.taobao.org/walkdir/download/walkdir-0.0.11.tgz"
            },
            "zip-stream": {
              "version": "http://registry.npm.taobao.org/zip-stream/download/zip-stream-1.2.0.tgz"
            }
          }
        },
        "fast-csv": {
          "version": "http://registry.npm.taobao.org/fast-csv/download/fast-csv-2.4.1.tgz"
        },
        "jszip": {
          "version": "http://registry.npm.taobao.org/jszip/download/jszip-3.1.3.tgz"
        },
        "moment": {
          "version": "http://registry.npm.taobao.org/moment/download/moment-2.23.0.tgz"
        },
        "node-unzip-2": {
          "version": "http://registry.npm.taobao.org/node-unzip-2/download/node-unzip-2-0.2.7.tgz"
        },
        "promish": {
          "version": "http://registry.npm.taobao.org/promish/download/promish-5.1.1.tgz"
        },
        "sax": {
          "version": "http://registry.npm.taobao.org/sax/download/sax-1.2.4.tgz"
        },
        "temp": {
          "version": "http://registry.npm.taobao.org/temp/download/temp-0.8.3.tgz"
        }
      }
    },
    "exit-on-epipe": {
      "version": "1.0.1",
      "resolved": "https://registry.npmjs.org/exit-on-epipe/-/exit-on-epipe-1.0.1.tgz",
      "integrity": "sha512-h2z5mrROTxce56S+pnvAV890uu7ls7f1kEvVGJbw1OlFH3/mlJ5bkXu0KRyW94v37zzHPiUd55iLn3DA7TjWpw=="
    },
    "frac": {
      "version": "1.1.2",
      "resolved": "https://registry.npmjs.org/frac/-/frac-1.1.2.tgz",
      "integrity": "sha512-w/XBfkibaTl3YDqASwfDUqkna4Z2p9cFSr1aHDt0WoMTECnRfBOv2WArlZILlqgWlmdIlALXGpM2AOhEk5W3IA=="
    },
    "node-xlsx": {
      "version": "0.12.1",
      "resolved": "https://registry.npmjs.org/node-xlsx/-/node-xlsx-0.12.1.tgz",
      "integrity": "sha512-PMIv0Gs05zb+7ZUQIMA5Fw8eFHxT8fVieKUKMUXI5EBuCsZ56bYKeaMaBf7pBAH3cw8Xa+dGK/xaLWZaEuyfiw==",
      "requires": {
        "buffer-from": "^1.1.0",
        "xlsx": "^0.12.4"
      }
    },
    "printj": {
      "version": "1.1.2",
      "resolved": "http://registry.npmjs.org/printj/-/printj-1.1.2.tgz",
      "integrity": "sha512-zA2SmoLaxZyArQTOPj5LXecR+RagfPSU5Kw1qP+jkWeNlrq+eJZyY2oS68SU1Z/7/myXM4lo9716laOFAVStCQ=="
    },
    "shelljs": {
      "version": "0.8.3",
      "resolved": "http://registry.npm.taobao.org/shelljs/download/shelljs-0.8.3.tgz",
      "dependencies": {
        "glob": {
          "version": "http://registry.npm.taobao.org/glob/download/glob-7.1.3.tgz",
          "bundled": true,
          "dependencies": {
            "fs.realpath": {
              "version": "http://registry.npm.taobao.org/fs.realpath/download/fs.realpath-1.0.0.tgz"
            },
            "inflight": {
              "version": "http://registry.npm.taobao.org/inflight/download/inflight-1.0.6.tgz"
            },
            "inherits": {
              "version": "http://registry.npm.taobao.org/inherits/download/inherits-2.0.3.tgz"
            },
            "minimatch": {
              "version": "http://registry.npm.taobao.org/minimatch/download/minimatch-3.0.4.tgz"
            },
            "once": {
              "version": "http://registry.npm.taobao.org/once/download/once-1.4.0.tgz",
              "dependencies": {}
            },
            "path-is-absolute": {
              "version": "http://registry.npm.taobao.org/path-is-absolute/download/path-is-absolute-1.0.1.tgz"
            }
          }
        },
        "interpret": {
          "version": "http://registry.npm.taobao.org/interpret/download/interpret-1.1.0.tgz",
          "bundled": true
        },
        "rechoir": {
          "version": "http://registry.npm.taobao.org/rechoir/download/rechoir-0.6.2.tgz",
          "bundled": true
        }
      }
    },
    "ssf": {
      "version": "0.10.2",
      "resolved": "https://registry.npmjs.org/ssf/-/ssf-0.10.2.tgz",
      "integrity": "sha512-rDhAPm9WyIsY8eZEKyE8Qsotb3j/wBdvMWBUsOhJdfhKGLfQidRjiBUV0y/MkyCLiXQ38FG6LWW/VYUtqlIDZQ==",
      "requires": {
        "frac": "~1.1.2"
      }
    },
    "xlsx": {
      "version": "0.12.13",
      "resolved": "https://registry.npmjs.org/xlsx/-/xlsx-0.12.13.tgz",
      "integrity": "sha512-9/2H4PLphmG8sDvI3mfWb6JIFqbvK8IRGhgS55Pw5F+fmKPuzdv4OW9RFjrH5PiTKeqB/883Z8o+jW3JrDahmw==",
      "requires": {
        "adler-32": "~1.2.0",
        "cfb": "~1.0.7",
        "codepage": "~1.13.0",
        "commander": "~2.15.1",
        "crc-32": "~1.2.0",
        "exit-on-epipe": "~1.0.1",
        "ssf": "~0.10.2"
      }
    }
  }
}
